
Microsoft Visual Studio Solution File, Format Version 12.00
# Visual Studio Version 16
VisualStudioVersion = 16.0.31829.152
MinimumVisualStudioVersion = 10.0.40219.1
Project("{FAE04EC0-301F-11D3-BF4B-00C04F79EFBC}") = "WEBAPIDB", "WEBAPIDB\WEBAPIDB.csproj", "{61DD9858-6466-4202-B339-080BC862C215}"
EndProject
Global
	GlobalSection(SolutionConfigurationPlatforms) = preSolution
		Debug|Any CPU = Debug|Any CPU
		Release|Any CPU = Release|Any CPU
	EndGlobalSection
	GlobalSection(ProjectConfigurationPlatforms) = postSolution
		{61DD9858-6466-4202-B339-080BC862C215}.Debug|Any CPU.ActiveCfg = Debug|Any CPU
		{61DD9858-6466-4202-B339-080BC862C215}.Debug|Any CPU.Build.0 = Debug|Any CPU
		{61DD9858-6466-4202-B339-080BC862C215}.Release|Any CPU.ActiveCfg = Release|Any CPU
		{61DD9858-6466-4202-B339-080BC862C215}.Release|Any CPU.Build.0 = Release|Any CPU
	EndGlobalSection
	GlobalSection(SolutionProperties) = preSolution
		HideSolutionNode = FALSE
	EndGlobalSection
	GlobalSection(ExtensibilityGlobals) = postSolution
		SolutionGuid = {DF650239-4D3E-4F35-BCE6-22DAC8B807BB}
	EndGlobalSection
EndGlobal
